
Microsoft Visual Studio Solution File, Format Version 12.00
# Visual Studio Version 16
VisualStudioVersion = 16.0.32602.291
MinimumVisualStudioVersion = 10.0.40219.1
Project("{9A19103F-16F7-4668-BE54-9A1E7A4F7556}") = "BookListRazor", "BookListRazor\BookListRazor.csproj", "{56D12383-4BCB-469F-8E69-8BA48A4FD0E2}"
EndProject
Global
	GlobalSection(SolutionConfigurationPlatforms) = preSolution
		Debug|Any CPU = Debug|Any CPU
		Release|Any CPU = Release|Any CPU
	EndGlobalSection
	GlobalSection(ProjectConfigurationPlatforms) = postSolution
		{56D12383-4BCB-469F-8E69-8BA48A4FD0E2}.Debug|Any CPU.ActiveCfg = Debug|Any CPU
		{56D12383-4BCB-469F-8E69-8BA48A4FD0E2}.Debug|Any CPU.Build.0 = Debug|Any CPU
		{56D12383-4BCB-469F-8E69-8BA48A4FD0E2}.Release|Any CPU.ActiveCfg = Release|Any CPU
		{56D12383-4BCB-469F-8E69-8BA48A4FD0E2}.Release|Any CPU.Build.0 = Release|Any CPU
	EndGlobalSection
	GlobalSection(SolutionProperties) = preSolution
		HideSolutionNode = FALSE
	EndGlobalSection
	GlobalSection(ExtensibilityGlobals) = postSolution
		SolutionGuid = {ECF8E2EA-5400-4D69-B2D4-4376BEE2D4D2}
	EndGlobalSection
EndGlobal
